
Microsoft Visual Studio Solution File, Format Version 12.00
# Visual Studio Version 17
VisualStudioVersion = 17.8.34322.80
MinimumVisualStudioVersion = 10.0.40219.1
Project("{FAE04EC0-301F-11D3-BF4B-00C04F79EFBC}") = "Metod-Uppgift-6.9", "Metod-Uppgift-6.9\Metod-Uppgift-6.9.csproj", "{9D18ED5E-A91F-4CE4-BC8E-377661CB7E63}"
EndProject
Global
	GlobalSection(SolutionConfigurationPlatforms) = preSolution
		Debug|Any CPU = Debug|Any CPU
		Release|Any CPU = Release|Any CPU
	EndGlobalSection
	GlobalSection(ProjectConfigurationPlatforms) = postSolution
		{9D18ED5E-A91F-4CE4-BC8E-377661CB7E63}.Debug|Any CPU.ActiveCfg = Debug|Any CPU
		{9D18ED5E-A91F-4CE4-BC8E-377661CB7E63}.Debug|Any CPU.Build.0 = Debug|Any CPU
		{9D18ED5E-A91F-4CE4-BC8E-377661CB7E63}.Release|Any CPU.ActiveCfg = Release|Any CPU
		{9D18ED5E-A91F-4CE4-BC8E-377661CB7E63}.Release|Any CPU.Build.0 = Release|Any CPU
	EndGlobalSection
	GlobalSection(SolutionProperties) = preSolution
		HideSolutionNode = FALSE
	EndGlobalSection
	GlobalSection(ExtensibilityGlobals) = postSolution
		SolutionGuid = {4AE52A1F-A121-49C2-BDBF-57B631B093E4}
	EndGlobalSection
EndGlobal
